
Microsoft Visual Studio Solution File, Format Version 12.00
Project("{FAE04EC0-301F-11D3-BF4B-00C04F79EFBC}") = "APBD-D-Cw2-s31581", "APBD-D-Cw2-s31581\APBD-D-Cw2-s31581.csproj", "{6B623999-3CC0-408C-8533-490F80A988BC}"
EndProject
Global
	GlobalSection(SolutionConfigurationPlatforms) = preSolution
		Debug|Any CPU = Debug|Any CPU
		Release|Any CPU = Release|Any CPU
	EndGlobalSection
	GlobalSection(ProjectConfigurationPlatforms) = postSolution
		{6B623999-3CC0-408C-8533-490F80A988BC}.Debug|Any CPU.ActiveCfg = Debug|Any CPU
		{6B623999-3CC0-408C-8533-490F80A988BC}.Debug|Any CPU.Build.0 = Debug|Any CPU
		{6B623999-3CC0-408C-8533-490F80A988BC}.Release|Any CPU.ActiveCfg = Release|Any CPU
		{6B623999-3CC0-408C-8533-490F80A988BC}.Release|Any CPU.Build.0 = Release|Any CPU
	EndGlobalSection
EndGlobal
